# THIS IS AN AUTOGENERATED FILE. DO NOT EDIT THIS FILE DIRECTLY.
# yarn lockfile v1


"@googlemaps/js-api-loader@1.11.4":
  version "1.11.4"
  resolved "https://registry.yarnpkg.com/@googlemaps/js-api-loader/-/js-api-loader-1.11.4.tgz#f687a88e270234e3a29c64b42b76129e75467ca7"
  integrity sha512-atFTSgEXXsE7mOsOIInUKG4JApu/NdyZR79Ed6jF92MjVQTcD6dz/Xo8djf4cIetnq4WYQmetem0d8/uS4o8oQ==
  dependencies:
    fast-deep-equal "^3.1.3"

"@googlemaps/js-api-loader@^1.12.1":
  version "1.12.1"
  resolved "https://registry.yarnpkg.com/@googlemaps/js-api-loader/-/js-api-loader-1.12.1.tgz#97b442e5b8087400ba2f99f083dbdeeacfb0709b"
  integrity sha512-Nmk7pKn/819zIC0QTE5eA+kNmYpODQXyoCdk17nWiqx42gcb6NQEwssAuH/Aa+HeF0+ICYf5khIxDyY5njWJdg==
  dependencies:
    fast-deep-equal "^3.1.3"

"@react-google-maps/api@^2.2.0":
  version "2.2.0"
  resolved "https://registry.yarnpkg.com/@react-google-maps/api/-/api-2.2.0.tgz#1654fe85d125a3a9ad56b92447bf45cda1265b70"
  integrity sha512-kMmzHyveLdEiLP+WN/H4vYEyaDTJn59mXj5Y0BxjJs5SIMhUtYxJ6EeJCV0aRSN+Gq5hYFLheBoy8Pfqtabq5g==
  dependencies:
    "@googlemaps/js-api-loader" "1.11.4"
    "@react-google-maps/infobox" "2.2.0"
    "@react-google-maps/marker-clusterer" "2.2.0"
    invariant "2.2.4"

"@react-google-maps/infobox@2.2.0":
  version "2.2.0"
  resolved "https://registry.yarnpkg.com/@react-google-maps/infobox/-/infobox-2.2.0.tgz#4d491f5de42f4c548f9ca91b7f0a16e3dc5c6d52"
  integrity sha512-nQbsPdcSTodXaaOgM9CaqyXytBkmollMuaYvERv5zxdoTWT1JvuViSaRbxpc3dYDsEHmp3myLx4ZbDcnOjf7Hg==

"@react-google-maps/marker-clusterer@2.2.0":
  version "2.2.0"
  resolved "https://registry.yarnpkg.com/@react-google-maps/marker-clusterer/-/marker-clusterer-2.2.0.tgz#a1d635ce9a5b55f1e48fddc6acafc0e1128a6476"
  integrity sha512-QaQAfY/FdaSwPmm0JnW9AW+t0ocfUYmuso9WmeIMwTRCqcqNxc4GFe5uT0LDLmsYt/wxAeYoGWVaD8sd/Vquig==

fast-deep-equal@^3.1.3:
  version "3.1.3"
  resolved "https://registry.yarnpkg.com/fast-deep-equal/-/fast-deep-equal-3.1.3.tgz#3a7d56b559d6cbc3eb512325244e619a65c6c525"
  integrity sha512-f3qQ9oQy9j2AhBe/H9VC91wLmKBCCU/gDOnKNAYG5hswO7BLKj09Hc5HYNz9cGI++xlpDCIgDaitVs03ATR84Q==

invariant@2.2.4:
  version "2.2.4"
  resolved "https://registry.yarnpkg.com/invariant/-/invariant-2.2.4.tgz#610f3c92c9359ce1db616e538008d23ff35158e6"
  integrity sha512-phJfQVBuaJM5raOpJjSfkiD6BpbCE4Ns//LaXl6wGYtUBY83nWS6Rf9tXm2e8VaK60JEjYldbPif/A2B1C2gNA==
  dependencies:
    loose-envify "^1.0.0"

"js-tokens@^3.0.0 || ^4.0.0":
  version "4.0.0"
  resolved "https://registry.yarnpkg.com/js-tokens/-/js-tokens-4.0.0.tgz#19203fb59991df98e3a287050d4647cdeaf32499"
  integrity sha512-RdJUflcE3cUzKiMqQgsCu06FPu9UdIJO0beYbPhHN4k6apgJtifcoCtT9bcxOpYBtpD2kCM6Sbzg4CausW/PKQ==

loose-envify@^1.0.0:
  version "1.4.0"
  resolved "https://registry.yarnpkg.com/loose-envify/-/loose-envify-1.4.0.tgz#71ee51fa7be4caec1a63839f7e682d8132d30caf"
  integrity sha512-lyuxPGr/Wfhrlem2CL/UcnUc1zcqKAImBDzukY7Y5F/yQiNdko6+fRLevlw1HgMySw7f611UIY408EtxRSoK3Q==
  dependencies:
    js-tokens "^3.0.0 || ^4.0.0"
